{
  "name": "imandra-prelude",
  "version": "1.0.0",
  "lockfileVersion": 1,
  "requires": true,
  "dependencies": {
    "bs-platform": {
      "version": "4.0.8",
      "resolved": "https://registry.npmjs.org/bs-platform/-/bs-platform-4.0.8.tgz",
      "integrity": "sha512-pTsVLNQ/CNuYUYmhlxhQyuJSACFi7v1avhX5qx6TxzAR3jXjMvImz8WdT+zzzJyisY2TTjMvCrJwhefT3Dliqw==",
      "dev": true
    }
  }
}
