{
  "name": "imandra-prelude",
  "version": "1.0.0",
  "lockfileVersion": 1,
  "requires": true,
  "dependencies": {
    "big-integer": {
      "version": "1.6.40",
      "resolved": "https://registry.npmjs.org/big-integer/-/big-integer-1.6.40.tgz",
      "integrity": "sha512-CjhtJp0BViLzP1ZkEnoywjgtFQXS2pomKjAJtIISTCnuHILkLcAXLdFLG/nxsHc4s9kJfc+82Xpg8WNyhfACzQ=="
    },
    "big-rational": {
      "version": "0.10.7",
      "resolved": "https://registry.npmjs.org/big-rational/-/big-rational-0.10.7.tgz",
      "integrity": "sha1-YU9uYGdeKnXw27muNWjFxmSnaxc=",
      "requires": {
        "big-integer": "^1.6.23"
      }
    },
    "bs-platform": {
      "version": "6.2.1",
      "resolved": "https://registry.npmjs.org/bs-platform/-/bs-platform-6.2.1.tgz",
      "integrity": "sha512-FmQ8kYV52A0Y302qh6o0/J9TO+kHzsjGQnsjrg/ONUYIY/jWzBnt9dCBO6EBnaEKfFJLqk5JrUDCxuihqtTcnw==",
      "dev": true
    }
  }
}
